
Microsoft Visual Studio Solution File, Format Version 12.00
# Visual Studio Version 16
VisualStudioVersion = 16.0.31729.503
MinimumVisualStudioVersion = 10.0.40219.1
Project("{FAE04EC0-301F-11D3-BF4B-00C04F79EFBC}") = "testABP", "testABP\testABP.csproj", "{80EBEF8D-73C7-461A-B9F0-8147F41558F1}"
EndProject
Global
	GlobalSection(SolutionConfigurationPlatforms) = preSolution
		Debug|Any CPU = Debug|Any CPU
		Release|Any CPU = Release|Any CPU
	EndGlobalSection
	GlobalSection(ProjectConfigurationPlatforms) = postSolution
		{80EBEF8D-73C7-461A-B9F0-8147F41558F1}.Debug|Any CPU.ActiveCfg = Debug|Any CPU
		{80EBEF8D-73C7-461A-B9F0-8147F41558F1}.Debug|Any CPU.Build.0 = Debug|Any CPU
		{80EBEF8D-73C7-461A-B9F0-8147F41558F1}.Release|Any CPU.ActiveCfg = Release|Any CPU
		{80EBEF8D-73C7-461A-B9F0-8147F41558F1}.Release|Any CPU.Build.0 = Release|Any CPU
	EndGlobalSection
	GlobalSection(SolutionProperties) = preSolution
		HideSolutionNode = FALSE
	EndGlobalSection
	GlobalSection(ExtensibilityGlobals) = postSolution
		SolutionGuid = {E8DB917A-0C3F-49C5-BDED-145CBB101392}
	EndGlobalSection
EndGlobal
